
Microsoft Visual Studio Solution File, Format Version 12.00
# Visual Studio Version 17
VisualStudioVersion = 17.7.34031.279
MinimumVisualStudioVersion = 10.0.40219.1
Project("{FAE04EC0-301F-11D3-BF4B-00C04F79EFBC}") = "QuizzProject", "QuizzProject.csproj", "{369F820A-BEEF-4641-9B35-7887F11B1DD8}"
EndProject
Global
	GlobalSection(SolutionConfigurationPlatforms) = preSolution
		Debug|Any CPU = Debug|Any CPU
		Release|Any CPU = Release|Any CPU
	EndGlobalSection
	GlobalSection(ProjectConfigurationPlatforms) = postSolution
		{369F820A-BEEF-4641-9B35-7887F11B1DD8}.Debug|Any CPU.ActiveCfg = Debug|Any CPU
		{369F820A-BEEF-4641-9B35-7887F11B1DD8}.Debug|Any CPU.Build.0 = Debug|Any CPU
		{369F820A-BEEF-4641-9B35-7887F11B1DD8}.Release|Any CPU.ActiveCfg = Release|Any CPU
		{369F820A-BEEF-4641-9B35-7887F11B1DD8}.Release|Any CPU.Build.0 = Release|Any CPU
	EndGlobalSection
	GlobalSection(SolutionProperties) = preSolution
		HideSolutionNode = FALSE
	EndGlobalSection
	GlobalSection(ExtensibilityGlobals) = postSolution
		SolutionGuid = {C65025ED-8955-4358-8F8E-6BF0D5834907}
	EndGlobalSection
EndGlobal
